
Microsoft Visual Studio Solution File, Format Version 12.00
# Visual Studio Version 16
VisualStudioVersion = 16.0.30907.101
MinimumVisualStudioVersion = 10.0.40219.1
Project("{FAE04EC0-301F-11D3-BF4B-00C04F79EFBC}") = "MediatorASPCORE", "MediatorASPCORE.csproj", "{9DA22E9A-3B72-4336-A02D-62DCBE4D80FA}"
EndProject
Global
	GlobalSection(SolutionConfigurationPlatforms) = preSolution
		Debug|Any CPU = Debug|Any CPU
		Release|Any CPU = Release|Any CPU
	EndGlobalSection
	GlobalSection(ProjectConfigurationPlatforms) = postSolution
		{9DA22E9A-3B72-4336-A02D-62DCBE4D80FA}.Debug|Any CPU.ActiveCfg = Debug|Any CPU
		{9DA22E9A-3B72-4336-A02D-62DCBE4D80FA}.Debug|Any CPU.Build.0 = Debug|Any CPU
		{9DA22E9A-3B72-4336-A02D-62DCBE4D80FA}.Release|Any CPU.ActiveCfg = Release|Any CPU
		{9DA22E9A-3B72-4336-A02D-62DCBE4D80FA}.Release|Any CPU.Build.0 = Release|Any CPU
	EndGlobalSection
	GlobalSection(SolutionProperties) = preSolution
		HideSolutionNode = FALSE
	EndGlobalSection
	GlobalSection(ExtensibilityGlobals) = postSolution
		SolutionGuid = {20F079DC-4CC5-4BEB-BCD6-A9D481CE0A0E}
	EndGlobalSection
EndGlobal
